
Microsoft Visual Studio Solution File, Format Version 12.00
# Visual Studio Version 16
VisualStudioVersion = 16.0.34114.132
MinimumVisualStudioVersion = 10.0.40219.1
Project("{FAE04EC0-301F-11D3-BF4B-00C04F79EFBC}") = "KursovoySorting", "KursovoySorting\KursovoySorting.csproj", "{39922464-5A27-4613-8C1E-79127073236E}"
EndProject
Global
	GlobalSection(SolutionConfigurationPlatforms) = preSolution
		Debug|Any CPU = Debug|Any CPU
		Release|Any CPU = Release|Any CPU
	EndGlobalSection
	GlobalSection(ProjectConfigurationPlatforms) = postSolution
		{39922464-5A27-4613-8C1E-79127073236E}.Debug|Any CPU.ActiveCfg = Debug|Any CPU
		{39922464-5A27-4613-8C1E-79127073236E}.Debug|Any CPU.Build.0 = Debug|Any CPU
		{39922464-5A27-4613-8C1E-79127073236E}.Release|Any CPU.ActiveCfg = Release|Any CPU
		{39922464-5A27-4613-8C1E-79127073236E}.Release|Any CPU.Build.0 = Release|Any CPU
	EndGlobalSection
	GlobalSection(SolutionProperties) = preSolution
		HideSolutionNode = FALSE
	EndGlobalSection
	GlobalSection(ExtensibilityGlobals) = postSolution
		SolutionGuid = {3213A7BF-ABA1-4484-B44A-CD44337E2762}
	EndGlobalSection
EndGlobal
